
Microsoft Visual Studio Solution File, Format Version 12.00
# Visual Studio Version 16
VisualStudioVersion = 16.0.32106.194
MinimumVisualStudioVersion = 10.0.40219.1
Project("{FAE04EC0-301F-11D3-BF4B-00C04F79EFBC}") = "TibiaBot", "TibiaBot.csproj", "{C8906192-0446-48EB-9751-E898DD3E2692}"
EndProject
Global
	GlobalSection(SolutionConfigurationPlatforms) = preSolution
		Debug|Any CPU = Debug|Any CPU
		Release|Any CPU = Release|Any CPU
	EndGlobalSection
	GlobalSection(ProjectConfigurationPlatforms) = postSolution
		{C8906192-0446-48EB-9751-E898DD3E2692}.Debug|Any CPU.ActiveCfg = Debug|Any CPU
		{C8906192-0446-48EB-9751-E898DD3E2692}.Debug|Any CPU.Build.0 = Debug|Any CPU
		{C8906192-0446-48EB-9751-E898DD3E2692}.Release|Any CPU.ActiveCfg = Release|Any CPU
		{C8906192-0446-48EB-9751-E898DD3E2692}.Release|Any CPU.Build.0 = Release|Any CPU
	EndGlobalSection
	GlobalSection(SolutionProperties) = preSolution
		HideSolutionNode = FALSE
	EndGlobalSection
	GlobalSection(ExtensibilityGlobals) = postSolution
		SolutionGuid = {2656D658-390F-4673-AFA1-511940AD7F38}
	EndGlobalSection
EndGlobal
